// !$*UTF8*$!
{
	archiveVersion = 1;
	classes = {
	};
	objectVersion = 55;
	objects = {

/* Begin PBXBuildFile section */
		C940477A286DF8AF00C1DCAB /* TopRoundedCornersRectange.swift in Sources */ = {isa = PBXBuildFile; fileRef = C9404779286DF8AF00C1DCAB /* TopRoundedCornersRectange.swift */; };
		C940477C286DF8E400C1DCAB /* BlurView.swift in Sources */ = {isa = PBXBuildFile; fileRef = C940477B286DF8E400C1DCAB /* BlurView.swift */; };
		C940477E286DF92200C1DCAB /* CheckboxStyle.swift in Sources */ = {isa = PBXBuildFile; fileRef = C940477D286DF92200C1DCAB /* CheckboxStyle.swift */; };
		C9404780286E085500C1DCAB /* CustomSecureTextField.swift in Sources */ = {isa = PBXBuildFile; fileRef = C940477F286E085500C1DCAB /* CustomSecureTextField.swift */; };
		C9404782286F0C2600C1DCAB /* LoginView.swift in Sources */ = {isa = PBXBuildFile; fileRef = C9404781286F0C2600C1DCAB /* LoginView.swift */; };
		C9404784286F0C9F00C1DCAB /* ProfileView.swift in Sources */ = {isa = PBXBuildFile; fileRef = C9404783286F0C9F00C1DCAB /* ProfileView.swift */; };
		C94D5761286DB7FD00AF5D70 /* AccountView.swift in Sources */ = {isa = PBXBuildFile; fileRef = C94D5760286DB7FD00AF5D70 /* AccountView.swift */; };
		C9FE779828622C3E006DDD74 /* AppMain.swift in Sources */ = {isa = PBXBuildFile; fileRef = C9FE779728622C3E006DDD74 /* AppMain.swift */; };
		C9FE779A28622C3E006DDD74 /* ItemsListingView.swift in Sources */ = {isa = PBXBuildFile; fileRef = C9FE779928622C3E006DDD74 /* ItemsListingView.swift */; };
		C9FE779C28622C3F006DDD74 /* Assets.xcassets in Resources */ = {isa = PBXBuildFile; fileRef = C9FE779B28622C3F006DDD74 /* Assets.xcassets */; };
		C9FE779F28622C3F006DDD74 /* Preview Assets.xcassets in Resources */ = {isa = PBXBuildFile; fileRef = C9FE779E28622C3F006DDD74 /* Preview Assets.xcassets */; };
		C9FE77A128622C3F006DDD74 /* Persistence.swift in Sources */ = {isa = PBXBuildFile; fileRef = C9FE77A028622C3F006DDD74 /* Persistence.swift */; };
		C9FE77A428622C3F006DDD74 /* Teavaro_Ecomm_Demo_App.xcdatamodeld in Sources */ = {isa = PBXBuildFile; fileRef = C9FE77A228622C3F006DDD74 /* Teavaro_Ecomm_Demo_App.xcdatamodeld */; };
		C9FE77AB286338C2006DDD74 /* StaticData.swift in Sources */ = {isa = PBXBuildFile; fileRef = C9FE77AA286338C2006DDD74 /* StaticData.swift */; };
		C9FE77AD28633D74006DDD74 /* ItemRow.swift in Sources */ = {isa = PBXBuildFile; fileRef = C9FE77AC28633D74006DDD74 /* ItemRow.swift */; };
		C9FE77AF286347DA006DDD74 /* ItemDetail.swift in Sources */ = {isa = PBXBuildFile; fileRef = C9FE77AE286347DA006DDD74 /* ItemDetail.swift */; };
		C9FE77B128635C5E006DDD74 /* OrderView.swift in Sources */ = {isa = PBXBuildFile; fileRef = C9FE77B028635C5E006DDD74 /* OrderView.swift */; };
		C9FE77B3286367A6006DDD74 /* HomeView.swift in Sources */ = {isa = PBXBuildFile; fileRef = C9FE77B2286367A6006DDD74 /* HomeView.swift */; };
		C9FE77BE286373B8006DDD74 /* CheckoutView.swift in Sources */ = {isa = PBXBuildFile; fileRef = C9FE77BD286373B8006DDD74 /* CheckoutView.swift */; };
		C9FE77C02864CF1C006DDD74 /* Resolver.swift in Sources */ = {isa = PBXBuildFile; fileRef = C9FE77BF2864CF1C006DDD74 /* Resolver.swift */; };
		C9FE77C32864EE8F006DDD74 /* ViewModelFactory.swift in Sources */ = {isa = PBXBuildFile; fileRef = C9FE77C22864EE8F006DDD74 /* ViewModelFactory.swift */; };
		C9FE77C52864EEBC006DDD74 /* ViewFactory.swift in Sources */ = {isa = PBXBuildFile; fileRef = C9FE77C42864EEBC006DDD74 /* ViewFactory.swift */; };
		C9FE77C72864EEF5006DDD74 /* BaseViewModel.swift in Sources */ = {isa = PBXBuildFile; fileRef = C9FE77C62864EEF5006DDD74 /* BaseViewModel.swift */; };
		C9FE77C92864EF3D006DDD74 /* CheckoutViewModel.swift in Sources */ = {isa = PBXBuildFile; fileRef = C9FE77C82864EF3D006DDD74 /* CheckoutViewModel.swift */; };
		C9FE77CB2864EF6D006DDD74 /* DI.swift in Sources */ = {isa = PBXBuildFile; fileRef = C9FE77CA2864EF6D006DDD74 /* DI.swift */; };
/* End PBXBuildFile section */

/* Begin PBXFileReference section */
		C9404779286DF8AF00C1DCAB /* TopRoundedCornersRectange.swift */ = {isa = PBXFileReference; lastKnownFileType = sourcecode.swift; path = TopRoundedCornersRectange.swift; sourceTree = "<group>"; };
		C940477B286DF8E400C1DCAB /* BlurView.swift */ = {isa = PBXFileReference; lastKnownFileType = sourcecode.swift; path = BlurView.swift; sourceTree = "<group>"; };
		C940477D286DF92200C1DCAB /* CheckboxStyle.swift */ = {isa = PBXFileReference; lastKnownFileType = sourcecode.swift; path = CheckboxStyle.swift; sourceTree = "<group>"; };
		C940477F286E085500C1DCAB /* CustomSecureTextField.swift */ = {isa = PBXFileReference; lastKnownFileType = sourcecode.swift; path = CustomSecureTextField.swift; sourceTree = "<group>"; };
		C9404781286F0C2600C1DCAB /* LoginView.swift */ = {isa = PBXFileReference; lastKnownFileType = sourcecode.swift; path = LoginView.swift; sourceTree = "<group>"; };
		C9404783286F0C9F00C1DCAB /* ProfileView.swift */ = {isa = PBXFileReference; lastKnownFileType = sourcecode.swift; path = ProfileView.swift; sourceTree = "<group>"; };
		C94D5760286DB7FD00AF5D70 /* AccountView.swift */ = {isa = PBXFileReference; lastKnownFileType = sourcecode.swift; path = AccountView.swift; sourceTree = "<group>"; };
		C9FE779428622C3E006DDD74 /* Teavaro Ecomm Demo App.app */ = {isa = PBXFileReference; explicitFileType = wrapper.application; includeInIndex = 0; path = "Teavaro Ecomm Demo App.app"; sourceTree = BUILT_PRODUCTS_DIR; };
		C9FE779728622C3E006DDD74 /* AppMain.swift */ = {isa = PBXFileReference; lastKnownFileType = sourcecode.swift; path = AppMain.swift; sourceTree = "<group>"; };
		C9FE779928622C3E006DDD74 /* ItemsListingView.swift */ = {isa = PBXFileReference; lastKnownFileType = sourcecode.swift; path = ItemsListingView.swift; sourceTree = "<group>"; };
		C9FE779B28622C3F006DDD74 /* Assets.xcassets */ = {isa = PBXFileReference; lastKnownFileType = folder.assetcatalog; path = Assets.xcassets; sourceTree = "<group>"; };
		C9FE779E28622C3F006DDD74 /* Preview Assets.xcassets */ = {isa = PBXFileReference; lastKnownFileType = folder.assetcatalog; path = "Preview Assets.xcassets"; sourceTree = "<group>"; };
		C9FE77A028622C3F006DDD74 /* Persistence.swift */ = {isa = PBXFileReference; lastKnownFileType = sourcecode.swift; path = Persistence.swift; sourceTree = "<group>"; };
		C9FE77A328622C3F006DDD74 /* Teavaro_Ecomm_Demo_App.xcdatamodel */ = {isa = PBXFileReference; lastKnownFileType = wrapper.xcdatamodel; path = Teavaro_Ecomm_Demo_App.xcdatamodel; sourceTree = "<group>"; };
		C9FE77AA286338C2006DDD74 /* StaticData.swift */ = {isa = PBXFileReference; lastKnownFileType = sourcecode.swift; path = StaticData.swift; sourceTree = "<group>"; };
		C9FE77AC28633D74006DDD74 /* ItemRow.swift */ = {isa = PBXFileReference; lastKnownFileType = sourcecode.swift; path = ItemRow.swift; sourceTree = "<group>"; };
		C9FE77AE286347DA006DDD74 /* ItemDetail.swift */ = {isa = PBXFileReference; lastKnownFileType = sourcecode.swift; path = ItemDetail.swift; sourceTree = "<group>"; };
		C9FE77B028635C5E006DDD74 /* OrderView.swift */ = {isa = PBXFileReference; lastKnownFileType = sourcecode.swift; path = OrderView.swift; sourceTree = "<group>"; };
		C9FE77B2286367A6006DDD74 /* HomeView.swift */ = {isa = PBXFileReference; lastKnownFileType = sourcecode.swift; path = HomeView.swift; sourceTree = "<group>"; };
		C9FE77BD286373B8006DDD74 /* CheckoutView.swift */ = {isa = PBXFileReference; lastKnownFileType = sourcecode.swift; path = CheckoutView.swift; sourceTree = "<group>"; };
		C9FE77BF2864CF1C006DDD74 /* Resolver.swift */ = {isa = PBXFileReference; lastKnownFileType = sourcecode.swift; path = Resolver.swift; sourceTree = "<group>"; };
		C9FE77C22864EE8F006DDD74 /* ViewModelFactory.swift */ = {isa = PBXFileReference; lastKnownFileType = sourcecode.swift; path = ViewModelFactory.swift; sourceTree = "<group>"; };
		C9FE77C42864EEBC006DDD74 /* ViewFactory.swift */ = {isa = PBXFileReference; lastKnownFileType = sourcecode.swift; path = ViewFactory.swift; sourceTree = "<group>"; };
		C9FE77C62864EEF5006DDD74 /* BaseViewModel.swift */ = {isa = PBXFileReference; lastKnownFileType = sourcecode.swift; path = BaseViewModel.swift; sourceTree = "<group>"; };
		C9FE77C82864EF3D006DDD74 /* CheckoutViewModel.swift */ = {isa = PBXFileReference; lastKnownFileType = sourcecode.swift; path = CheckoutViewModel.swift; sourceTree = "<group>"; };
		C9FE77CA2864EF6D006DDD74 /* DI.swift */ = {isa = PBXFileReference; lastKnownFileType = sourcecode.swift; path = DI.swift; sourceTree = "<group>"; };
/* End PBXFileReference section */

/* Begin PBXFrameworksBuildPhase section */
		C9FE779128622C3E006DDD74 /* Frameworks */ = {
			isa = PBXFrameworksBuildPhase;
			buildActionMask = 2147483647;
			files = (
			);
			runOnlyForDeploymentPostprocessing = 0;
		};
/* End PBXFrameworksBuildPhase section */

/* Begin PBXGroup section */
		C9404778286DF8A100C1DCAB /* CustomViews */ = {
			isa = PBXGroup;
			children = (
				C9404779286DF8AF00C1DCAB /* TopRoundedCornersRectange.swift */,
				C940477B286DF8E400C1DCAB /* BlurView.swift */,
				C940477F286E085500C1DCAB /* CustomSecureTextField.swift */,
			);
			path = CustomViews;
			sourceTree = "<group>";
		};
		C94D575D286DB4CA00AF5D70 /* CheckoutScene */ = {
			isa = PBXGroup;
			children = (
				C9FE77BD286373B8006DDD74 /* CheckoutView.swift */,
				C9FE77C82864EF3D006DDD74 /* CheckoutViewModel.swift */,
			);
			path = CheckoutScene;
			sourceTree = "<group>";
		};
		C94D575E286DB50000AF5D70 /* Framework */ = {
			isa = PBXGroup;
			children = (
				C9FE77BF2864CF1C006DDD74 /* Resolver.swift */,
			);
			path = Framework;
			sourceTree = "<group>";
		};
		C94D575F286DB54B00AF5D70 /* OrderScene */ = {
			isa = PBXGroup;
			children = (
				C9FE77B028635C5E006DDD74 /* OrderView.swift */,
			);
			path = OrderScene;
			sourceTree = "<group>";
		};
		C9FE778B28622C3E006DDD74 = {
			isa = PBXGroup;
			children = (
				C9FE779628622C3E006DDD74 /* Teavaro Ecomm Demo App */,
				C9FE779528622C3E006DDD74 /* Products */,
			);
			sourceTree = "<group>";
		};
		C9FE779528622C3E006DDD74 /* Products */ = {
			isa = PBXGroup;
			children = (
				C9FE779428622C3E006DDD74 /* Teavaro Ecomm Demo App.app */,
			);
			name = Products;
			sourceTree = "<group>";
		};
		C9FE779628622C3E006DDD74 /* Teavaro Ecomm Demo App */ = {
			isa = PBXGroup;
			children = (
				C9404778286DF8A100C1DCAB /* CustomViews */,
				C9FE77CC2864EF7B006DDD74 /* DI */,
				C9FE77C12864EE85006DDD74 /* MVVM */,
				C9FE77BB2863709B006DDD74 /* Data */,
				C9FE77BA28637081006DDD74 /* Resources */,
				C9FE77B428636C61006DDD74 /* Scenes */,
				C9FE779728622C3E006DDD74 /* AppMain.swift */,
				C9FE77A028622C3F006DDD74 /* Persistence.swift */,
				C9FE779D28622C3F006DDD74 /* Preview Content */,
				C9FE77AA286338C2006DDD74 /* StaticData.swift */,
				C940477D286DF92200C1DCAB /* CheckboxStyle.swift */,
			);
			path = "Teavaro Ecomm Demo App";
			sourceTree = "<group>";
		};
		C9FE779D28622C3F006DDD74 /* Preview Content */ = {
			isa = PBXGroup;
			children = (
				C9FE779E28622C3F006DDD74 /* Preview Assets.xcassets */,
			);
			path = "Preview Content";
			sourceTree = "<group>";
		};
		C9FE77B428636C61006DDD74 /* Scenes */ = {
			isa = PBXGroup;
			children = (
				C94D575F286DB54B00AF5D70 /* OrderScene */,
				C94D575D286DB4CA00AF5D70 /* CheckoutScene */,
				C9FE77B528636FD7006DDD74 /* HomeScene */,
				C9FE77B628636FF2006DDD74 /* ItemsListingScene */,
				C9FE77B828637016006DDD74 /* WishListScene */,
				C9FE77B72863700D006DDD74 /* AccountScene */,
				C9FE77B928637070006DDD74 /* ItemDetailsScene */,
			);
			path = Scenes;
			sourceTree = "<group>";
		};
		C9FE77B528636FD7006DDD74 /* HomeScene */ = {
			isa = PBXGroup;
			children = (
				C9FE77B2286367A6006DDD74 /* HomeView.swift */,
			);
			path = HomeScene;
			sourceTree = "<group>";
		};
		C9FE77B628636FF2006DDD74 /* ItemsListingScene */ = {
			isa = PBXGroup;
			children = (
				C9FE779928622C3E006DDD74 /* ItemsListingView.swift */,
				C9FE77AC28633D74006DDD74 /* ItemRow.swift */,
			);
			path = ItemsListingScene;
			sourceTree = "<group>";
		};
		C9FE77B72863700D006DDD74 /* AccountScene */ = {
			isa = PBXGroup;
			children = (
				C94D5760286DB7FD00AF5D70 /* AccountView.swift */,
				C9404781286F0C2600C1DCAB /* LoginView.swift */,
				C9404783286F0C9F00C1DCAB /* ProfileView.swift */,
			);
			path = AccountScene;
			sourceTree = "<group>";
		};
		C9FE77B828637016006DDD74 /* WishListScene */ = {
			isa = PBXGroup;
			children = (
			);
			path = WishListScene;
			sourceTree = "<group>";
		};
		C9FE77B928637070006DDD74 /* ItemDetailsScene */ = {
			isa = PBXGroup;
			children = (
				C9FE77AE286347DA006DDD74 /* ItemDetail.swift */,
			);
			path = ItemDetailsScene;
			sourceTree = "<group>";
		};
		C9FE77BA28637081006DDD74 /* Resources */ = {
			isa = PBXGroup;
			children = (
				C9FE779B28622C3F006DDD74 /* Assets.xcassets */,
			);
			path = Resources;
			sourceTree = "<group>";
		};
		C9FE77BB2863709B006DDD74 /* Data */ = {
			isa = PBXGroup;
			children = (
				C9FE77BC286370A3006DDD74 /* CoreData */,
			);
			path = Data;
			sourceTree = "<group>";
		};
		C9FE77BC286370A3006DDD74 /* CoreData */ = {
			isa = PBXGroup;
			children = (
				C9FE77A228622C3F006DDD74 /* Teavaro_Ecomm_Demo_App.xcdatamodeld */,
			);
			path = CoreData;
			sourceTree = "<group>";
		};
		C9FE77C12864EE85006DDD74 /* MVVM */ = {
			isa = PBXGroup;
			children = (
				C9FE77C22864EE8F006DDD74 /* ViewModelFactory.swift */,
				C9FE77C42864EEBC006DDD74 /* ViewFactory.swift */,
				C9FE77C62864EEF5006DDD74 /* BaseViewModel.swift */,
			);
			path = MVVM;
			sourceTree = "<group>";
		};
		C9FE77CC2864EF7B006DDD74 /* DI */ = {
			isa = PBXGroup;
			children = (
				C94D575E286DB50000AF5D70 /* Framework */,
				C9FE77CA2864EF6D006DDD74 /* DI.swift */,
			);
			path = DI;
			sourceTree = "<group>";
		};
/* End PBXGroup section */

/* Begin PBXNativeTarget section */
		C9FE779328622C3E006DDD74 /* Teavaro Ecomm Demo App */ = {
			isa = PBXNativeTarget;
			buildConfigurationList = C9FE77A728622C3F006DDD74 /* Build configuration list for PBXNativeTarget "Teavaro Ecomm Demo App" */;
			buildPhases = (
				C9FE779028622C3E006DDD74 /* Sources */,
				C9FE779128622C3E006DDD74 /* Frameworks */,
				C9FE779228622C3E006DDD74 /* Resources */,
			);
			buildRules = (
			);
			dependencies = (
			);
			name = "Teavaro Ecomm Demo App";
			productName = "Teavaro Ecomm Demo App";
			productReference = C9FE779428622C3E006DDD74 /* Teavaro Ecomm Demo App.app */;
			productType = "com.apple.product-type.application";
		};
/* End PBXNativeTarget section */

/* Begin PBXProject section */
		C9FE778C28622C3E006DDD74 /* Project object */ = {
			isa = PBXProject;
			attributes = {
				BuildIndependentTargetsInParallel = 1;
				LastSwiftUpdateCheck = 1340;
				LastUpgradeCheck = 1340;
				TargetAttributes = {
					C9FE779328622C3E006DDD74 = {
						CreatedOnToolsVersion = 13.4;
					};
				};
			};
			buildConfigurationList = C9FE778F28622C3E006DDD74 /* Build configuration list for PBXProject "Teavaro Ecomm Demo App" */;
			compatibilityVersion = "Xcode 13.0";
			developmentRegion = en;
			hasScannedForEncodings = 0;
			knownRegions = (
				en,
				Base,
			);
			mainGroup = C9FE778B28622C3E006DDD74;
			productRefGroup = C9FE779528622C3E006DDD74 /* Products */;
			projectDirPath = "";
			projectRoot = "";
			targets = (
				C9FE779328622C3E006DDD74 /* Teavaro Ecomm Demo App */,
			);
		};
/* End PBXProject section */

/* Begin PBXResourcesBuildPhase section */
		C9FE779228622C3E006DDD74 /* Resources */ = {
			isa = PBXResourcesBuildPhase;
			buildActionMask = 2147483647;
			files = (
				C9FE779F28622C3F006DDD74 /* Preview Assets.xcassets in Resources */,
				C9FE779C28622C3F006DDD74 /* Assets.xcassets in Resources */,
			);
			runOnlyForDeploymentPostprocessing = 0;
		};
/* End PBXResourcesBuildPhase section */

/* Begin PBXSourcesBuildPhase section */
		C9FE779028622C3E006DDD74 /* Sources */ = {
			isa = PBXSourcesBuildPhase;
			buildActionMask = 2147483647;
			files = (
				C9FE77CB2864EF6D006DDD74 /* DI.swift in Sources */,
				C9FE77C92864EF3D006DDD74 /* CheckoutViewModel.swift in Sources */,
				C9FE77B3286367A6006DDD74 /* HomeView.swift in Sources */,
				C94D5761286DB7FD00AF5D70 /* AccountView.swift in Sources */,
				C9FE77AF286347DA006DDD74 /* ItemDetail.swift in Sources */,
				C9FE77BE286373B8006DDD74 /* CheckoutView.swift in Sources */,
				C9FE77C72864EEF5006DDD74 /* BaseViewModel.swift in Sources */,
				C940477A286DF8AF00C1DCAB /* TopRoundedCornersRectange.swift in Sources */,
				C9404782286F0C2600C1DCAB /* LoginView.swift in Sources */,
				C9FE77C02864CF1C006DDD74 /* Resolver.swift in Sources */,
				C9FE77B128635C5E006DDD74 /* OrderView.swift in Sources */,
				C9FE77AB286338C2006DDD74 /* StaticData.swift in Sources */,
				C9FE77A128622C3F006DDD74 /* Persistence.swift in Sources */,
				C9FE77A428622C3F006DDD74 /* Teavaro_Ecomm_Demo_App.xcdatamodeld in Sources */,
				C9FE77AD28633D74006DDD74 /* ItemRow.swift in Sources */,
				C9404780286E085500C1DCAB /* CustomSecureTextField.swift in Sources */,
				C9FE77C32864EE8F006DDD74 /* ViewModelFactory.swift in Sources */,
				C9404784286F0C9F00C1DCAB /* ProfileView.swift in Sources */,
				C9FE779A28622C3E006DDD74 /* ItemsListingView.swift in Sources */,
				C940477C286DF8E400C1DCAB /* BlurView.swift in Sources */,
				C9FE779828622C3E006DDD74 /* AppMain.swift in Sources */,
				C940477E286DF92200C1DCAB /* CheckboxStyle.swift in Sources */,
				C9FE77C52864EEBC006DDD74 /* ViewFactory.swift in Sources */,
			);
			runOnlyForDeploymentPostprocessing = 0;
		};
/* End PBXSourcesBuildPhase section */

/* Begin XCBuildConfiguration section */
		C9FE77A528622C3F006DDD74 /* Debug */ = {
			isa = XCBuildConfiguration;
			buildSettings = {
				ALWAYS_SEARCH_USER_PATHS = NO;
				CLANG_ANALYZER_NONNULL = YES;
				CLANG_ANALYZER_NUMBER_OBJECT_CONVERSION = YES_AGGRESSIVE;
				CLANG_CXX_LANGUAGE_STANDARD = "gnu++17";
				CLANG_ENABLE_MODULES = YES;
				CLANG_ENABLE_OBJC_ARC = YES;
				CLANG_ENABLE_OBJC_WEAK = YES;
				CLANG_WARN_BLOCK_CAPTURE_AUTORELEASING = YES;
				CLANG_WARN_BOOL_CONVERSION = YES;
				CLANG_WARN_COMMA = YES;
				CLANG_WARN_CONSTANT_CONVERSION = YES;
				CLANG_WARN_DEPRECATED_OBJC_IMPLEMENTATIONS = YES;
				CLANG_WARN_DIRECT_OBJC_ISA_USAGE = YES_ERROR;
				CLANG_WARN_DOCUMENTATION_COMMENTS = YES;
				CLANG_WARN_EMPTY_BODY = YES;
				CLANG_WARN_ENUM_CONVERSION = YES;
				CLANG_WARN_INFINITE_RECURSION = YES;
				CLANG_WARN_INT_CONVERSION = YES;
				CLANG_WARN_NON_LITERAL_NULL_CONVERSION = YES;
				CLANG_WARN_OBJC_IMPLICIT_RETAIN_SELF = YES;
				CLANG_WARN_OBJC_LITERAL_CONVERSION = YES;
				CLANG_WARN_OBJC_ROOT_CLASS = YES_ERROR;
				CLANG_WARN_QUOTED_INCLUDE_IN_FRAMEWORK_HEADER = YES;
				CLANG_WARN_RANGE_LOOP_ANALYSIS = YES;
				CLANG_WARN_STRICT_PROTOTYPES = YES;
				CLANG_WARN_SUSPICIOUS_MOVE = YES;
				CLANG_WARN_UNGUARDED_AVAILABILITY = YES_AGGRESSIVE;
				CLANG_WARN_UNREACHABLE_CODE = YES;
				CLANG_WARN__DUPLICATE_METHOD_MATCH = YES;
				COPY_PHASE_STRIP = NO;
				DEBUG_INFORMATION_FORMAT = dwarf;
				ENABLE_STRICT_OBJC_MSGSEND = YES;
				ENABLE_TESTABILITY = YES;
				GCC_C_LANGUAGE_STANDARD = gnu11;
				GCC_DYNAMIC_NO_PIC = NO;
				GCC_NO_COMMON_BLOCKS = YES;
				GCC_OPTIMIZATION_LEVEL = 0;
				GCC_PREPROCESSOR_DEFINITIONS = (
					"DEBUG=1",
					"$(inherited)",
				);
				GCC_WARN_64_TO_32_BIT_CONVERSION = YES;
				GCC_WARN_ABOUT_RETURN_TYPE = YES_ERROR;
				GCC_WARN_UNDECLARED_SELECTOR = YES;
				GCC_WARN_UNINITIALIZED_AUTOS = YES_AGGRESSIVE;
				GCC_WARN_UNUSED_FUNCTION = YES;
				GCC_WARN_UNUSED_VARIABLE = YES;
				IPHONEOS_DEPLOYMENT_TARGET = 15.5;
				MTL_ENABLE_DEBUG_INFO = INCLUDE_SOURCE;
				MTL_FAST_MATH = YES;
				ONLY_ACTIVE_ARCH = YES;
				SDKROOT = iphoneos;
				SWIFT_ACTIVE_COMPILATION_CONDITIONS = DEBUG;
				SWIFT_OPTIMIZATION_LEVEL = "-Onone";
			};
			name = Debug;
		};
		C9FE77A628622C3F006DDD74 /* Release */ = {
			isa = XCBuildConfiguration;
			buildSettings = {
				ALWAYS_SEARCH_USER_PATHS = NO;
				CLANG_ANALYZER_NONNULL = YES;
				CLANG_ANALYZER_NUMBER_OBJECT_CONVERSION = YES_AGGRESSIVE;
				CLANG_CXX_LANGUAGE_STANDARD = "gnu++17";
				CLANG_ENABLE_MODULES = YES;
				CLANG_ENABLE_OBJC_ARC = YES;
				CLANG_ENABLE_OBJC_WEAK = YES;
				CLANG_WARN_BLOCK_CAPTURE_AUTORELEASING = YES;
				CLANG_WARN_BOOL_CONVERSION = YES;
				CLANG_WARN_COMMA = YES;
				CLANG_WARN_CONSTANT_CONVERSION = YES;
				CLANG_WARN_DEPRECATED_OBJC_IMPLEMENTATIONS = YES;
				CLANG_WARN_DIRECT_OBJC_ISA_USAGE = YES_ERROR;
				CLANG_WARN_DOCUMENTATION_COMMENTS = YES;
				CLANG_WARN_EMPTY_BODY = YES;
				CLANG_WARN_ENUM_CONVERSION = YES;
				CLANG_WARN_INFINITE_RECURSION = YES;
				CLANG_WARN_INT_CONVERSION = YES;
				CLANG_WARN_NON_LITERAL_NULL_CONVERSION = YES;
				CLANG_WARN_OBJC_IMPLICIT_RETAIN_SELF = YES;
				CLANG_WARN_OBJC_LITERAL_CONVERSION = YES;
				CLANG_WARN_OBJC_ROOT_CLASS = YES_ERROR;
				CLANG_WARN_QUOTED_INCLUDE_IN_FRAMEWORK_HEADER = YES;
				CLANG_WARN_RANGE_LOOP_ANALYSIS = YES;
				CLANG_WARN_STRICT_PROTOTYPES = YES;
				CLANG_WARN_SUSPICIOUS_MOVE = YES;
				CLANG_WARN_UNGUARDED_AVAILABILITY = YES_AGGRESSIVE;
				CLANG_WARN_UNREACHABLE_CODE = YES;
				CLANG_WARN__DUPLICATE_METHOD_MATCH = YES;
				COPY_PHASE_STRIP = NO;
				DEBUG_INFORMATION_FORMAT = "dwarf-with-dsym";
				ENABLE_NS_ASSERTIONS = NO;
				ENABLE_STRICT_OBJC_MSGSEND = YES;
				GCC_C_LANGUAGE_STANDARD = gnu11;
				GCC_NO_COMMON_BLOCKS = YES;
				GCC_WARN_64_TO_32_BIT_CONVERSION = YES;
				GCC_WARN_ABOUT_RETURN_TYPE = YES_ERROR;
				GCC_WARN_UNDECLARED_SELECTOR = YES;
				GCC_WARN_UNINITIALIZED_AUTOS = YES_AGGRESSIVE;
				GCC_WARN_UNUSED_FUNCTION = YES;
				GCC_WARN_UNUSED_VARIABLE = YES;
				IPHONEOS_DEPLOYMENT_TARGET = 15.5;
				MTL_ENABLE_DEBUG_INFO = NO;
				MTL_FAST_MATH = YES;
				SDKROOT = iphoneos;
				SWIFT_COMPILATION_MODE = wholemodule;
				SWIFT_OPTIMIZATION_LEVEL = "-O";
				VALIDATE_PRODUCT = YES;
			};
			name = Release;
		};
		C9FE77A828622C3F006DDD74 /* Debug */ = {
			isa = XCBuildConfiguration;
			buildSettings = {
				ASSETCATALOG_COMPILER_APPICON_NAME = AppIcon;
				ASSETCATALOG_COMPILER_GLOBAL_ACCENT_COLOR_NAME = AccentColor;
				CODE_SIGN_STYLE = Automatic;
				CURRENT_PROJECT_VERSION = 1;
				DEVELOPMENT_ASSET_PATHS = "\"Teavaro Ecomm Demo App/Preview Content\"";
				DEVELOPMENT_TEAM = C84BGQ5GW8;
				ENABLE_PREVIEWS = YES;
				GENERATE_INFOPLIST_FILE = YES;
				INFOPLIST_KEY_UIApplicationSceneManifest_Generation = YES;
				INFOPLIST_KEY_UIApplicationSupportsIndirectInputEvents = YES;
				INFOPLIST_KEY_UILaunchScreen_Generation = YES;
				INFOPLIST_KEY_UISupportedInterfaceOrientations_iPad = "UIInterfaceOrientationPortrait UIInterfaceOrientationPortraitUpsideDown UIInterfaceOrientationLandscapeLeft UIInterfaceOrientationLandscapeRight";
				INFOPLIST_KEY_UISupportedInterfaceOrientations_iPhone = "UIInterfaceOrientationPortrait UIInterfaceOrientationLandscapeLeft UIInterfaceOrientationLandscapeRight";
				IPHONEOS_DEPLOYMENT_TARGET = 15.0;
				LD_RUNPATH_SEARCH_PATHS = (
					"$(inherited)",
					"@executable_path/Frameworks",
				);
				MARKETING_VERSION = 1.0;
				PRODUCT_BUNDLE_IDENTIFIER = "com.teavaro.fcEcommDemo.Teavaro-Ecomm-Demo-App";
				PRODUCT_NAME = "$(TARGET_NAME)";
				SWIFT_EMIT_LOC_STRINGS = YES;
				SWIFT_VERSION = 5.0;
				TARGETED_DEVICE_FAMILY = "1,2";
			};
			name = Debug;
		};
		C9FE77A928622C3F006DDD74 /* Release */ = {
			isa = XCBuildConfiguration;
			buildSettings = {
				ASSETCATALOG_COMPILER_APPICON_NAME = AppIcon;
				ASSETCATALOG_COMPILER_GLOBAL_ACCENT_COLOR_NAME = AccentColor;
				CODE_SIGN_STYLE = Automatic;
				CURRENT_PROJECT_VERSION = 1;
				DEVELOPMENT_ASSET_PATHS = "\"Teavaro Ecomm Demo App/Preview Content\"";
				DEVELOPMENT_TEAM = C84BGQ5GW8;
				ENABLE_PREVIEWS = YES;
				GENERATE_INFOPLIST_FILE = YES;
				INFOPLIST_KEY_UIApplicationSceneManifest_Generation = YES;
				INFOPLIST_KEY_UIApplicationSupportsIndirectInputEvents = YES;
				INFOPLIST_KEY_UILaunchScreen_Generation = YES;
				INFOPLIST_KEY_UISupportedInterfaceOrientations_iPad = "UIInterfaceOrientationPortrait UIInterfaceOrientationPortraitUpsideDown UIInterfaceOrientationLandscapeLeft UIInterfaceOrientationLandscapeRight";
				INFOPLIST_KEY_UISupportedInterfaceOrientations_iPhone = "UIInterfaceOrientationPortrait UIInterfaceOrientationLandscapeLeft UIInterfaceOrientationLandscapeRight";
				IPHONEOS_DEPLOYMENT_TARGET = 15.0;
				LD_RUNPATH_SEARCH_PATHS = (
					"$(inherited)",
					"@executable_path/Frameworks",
				);
				MARKETING_VERSION = 1.0;
				PRODUCT_BUNDLE_IDENTIFIER = "com.teavaro.fcEcommDemo.Teavaro-Ecomm-Demo-App";
				PRODUCT_NAME = "$(TARGET_NAME)";
				SWIFT_EMIT_LOC_STRINGS = YES;
				SWIFT_VERSION = 5.0;
				TARGETED_DEVICE_FAMILY = "1,2";
			};
			name = Release;
		};
/* End XCBuildConfiguration section */

/* Begin XCConfigurationList section */
		C9FE778F28622C3E006DDD74 /* Build configuration list for PBXProject "Teavaro Ecomm Demo App" */ = {
			isa = XCConfigurationList;
			buildConfigurations = (
				C9FE77A528622C3F006DDD74 /* Debug */,
				C9FE77A628622C3F006DDD74 /* Release */,
			);
			defaultConfigurationIsVisible = 0;
			defaultConfigurationName = Release;
		};
		C9FE77A728622C3F006DDD74 /* Build configuration list for PBXNativeTarget "Teavaro Ecomm Demo App" */ = {
			isa = XCConfigurationList;
			buildConfigurations = (
				C9FE77A828622C3F006DDD74 /* Debug */,
				C9FE77A928622C3F006DDD74 /* Release */,
			);
			defaultConfigurationIsVisible = 0;
			defaultConfigurationName = Release;
		};
/* End XCConfigurationList section */

/* Begin XCVersionGroup section */
		C9FE77A228622C3F006DDD74 /* Teavaro_Ecomm_Demo_App.xcdatamodeld */ = {
			isa = XCVersionGroup;
			children = (
				C9FE77A328622C3F006DDD74 /* Teavaro_Ecomm_Demo_App.xcdatamodel */,
			);
			currentVersion = C9FE77A328622C3F006DDD74 /* Teavaro_Ecomm_Demo_App.xcdatamodel */;
			path = Teavaro_Ecomm_Demo_App.xcdatamodeld;
			sourceTree = "<group>";
			versionGroupType = wrapper.xcdatamodel;
		};
/* End XCVersionGroup section */
	};
	rootObject = C9FE778C28622C3E006DDD74 /* Project object */;
}
