PODS:
  - FunnelConnect (0.1.33)
  - SDWebImage (5.18.1):
    - SDWebImage/Core (= 5.18.1)
  - SDWebImage/Core (5.18.1)
  - SwrveGeoSDK (5.0.1)
  - SwrveSDK (8.7.0):
    - SDWebImage (~> 5.0)
    - SwrveSDKCommon (= 8.7.0)
  - SwrveSDKCommon (8.7.0)
  - UTIQ (0.1.37)

DEPENDENCIES:
  - FunnelConnect
  - SwrveGeoSDK
  - SwrveSDK
  - UTIQ

SPEC REPOS:
  trunk:
    - FunnelConnect
    - SDWebImage
    - SwrveGeoSDK
    - SwrveSDK
    - SwrveSDKCommon
    - UTIQ

SPEC CHECKSUMS:
  FunnelConnect: c736952862c0db66daf649eaaae7c4eb0be78e09
  SDWebImage: ebdbcebc7933a45226d9313bd0118bc052ad458b
  SwrveGeoSDK: d859ce71aa7f4f3ecb51f85fcf78521991ba6f99
  SwrveSDK: 4e4430477ccaa1a5fe76c5504a518230e3bff664
  SwrveSDKCommon: 187e2039dd4967cd3a4bb4910028f689c6ce111c
  UTIQ: a997f630ff1f2b961b9f8a89e8aef26270d355c8

PODFILE CHECKSUM: 99f7cd31742aff03c8d53bbb8c9b601b9844a3ff

COCOAPODS: 1.12.1
