{
  "pins" : [
    {
      "identity" : "funnelconnect-ios-sdk",
      "kind" : "remoteSourceControl",
      "location" : "https://github.com/Teavaro/FunnelConnect-iOS-SDK",
      "state" : {
        "branch" : "main",
        "revision" : "78d607411827874c7abe9874cc6afcfd12e5e80d"
      }
    },
    {
      "identity" : "sdwebimage",
      "kind" : "remoteSourceControl",
      "location" : "https://github.com/SDWebImage/SDWebImage.git",
      "state" : {
        "revision" : "3e48cb68d8e668d146dc59c73fb98cb628616236",
        "version" : "5.13.2"
      }
    },
    {
      "identity" : "swrve-ios-sdk",
      "kind" : "remoteSourceControl",
      "location" : "https://github.com/Swrve/swrve-ios-sdk",
      "state" : {
        "revision" : "13187f035a3afd966861e03028fd41aff5542fe3",
        "version" : "8.0.0"
      }
    }
  ],
  "version" : 2
}
