{
  "originHash" : "ff5a59b43f62560f39c18bf4df3f2af4e6a44cfb3b0f0d2f39ba0f05bce6bee1",
  "pins" : [
    {
      "identity" : "pulse",
      "kind" : "remoteSourceControl",
      "location" : "https://github.com/kean/Pulse",
      "state" : {
        "revision" : "e8bc65bd43d1f32aef533e723f2d324830431120",
        "version" : "3.7.3"
      }
    },
    {
      "identity" : "pulseloghandler",
      "kind" : "remoteSourceControl",
      "location" : "https://github.com/kean/PulseLogHandler.git",
      "state" : {
        "revision" : "3ca42eada318ad8ed9c3246f5e32c19413dae3ce",
        "version" : "3.2.0"
      }
    },
    {
      "identity" : "sdwebimage",
      "kind" : "remoteSourceControl",
      "location" : "https://github.com/SDWebImage/SDWebImage.git",
      "state" : {
        "revision" : "36e79ba485e9bb4d3cd4e3318908866dac5e7b51",
        "version" : "5.21.5"
      }
    },
    {
      "identity" : "swift-log",
      "kind" : "remoteSourceControl",
      "location" : "https://github.com/apple/swift-log.git",
      "state" : {
        "revision" : "2778fd4e5a12a8aaa30a3ee8285f4ce54c5f3181",
        "version" : "1.9.1"
      }
    },
    {
      "identity" : "swrve-ios-sdk",
      "kind" : "remoteSourceControl",
      "location" : "https://github.com/Swrve/swrve-ios-sdk",
      "state" : {
        "revision" : "d4337feb67a6661273cdb81861c97b6bc361d120",
        "version" : "8.13.1"
      }
    }
  ],
  "version" : 3
}
