{
  "originHash" : "5e34fd1dd55e00abae681943db20e6bd22a7019672b3a0d430bde7a4c2fde263",
  "pins" : [
    {
      "identity" : "ios-sdk",
      "kind" : "remoteSourceControl",
      "location" : "https://github.com/UtiqTech/ios-sdk",
      "state" : {
        "revision" : "602ddd97022f2e89ed72662e76032a3b6e75fbcc",
        "version" : "0.1.76"
      }
    },
    {
      "identity" : "pulse",
      "kind" : "remoteSourceControl",
      "location" : "https://github.com/kean/Pulse",
      "state" : {
        "revision" : "e8bc65bd43d1f32aef533e723f2d324830431120",
        "version" : "3.7.3"
      }
    },
    {
      "identity" : "pulseloghandler",
      "kind" : "remoteSourceControl",
      "location" : "https://github.com/kean/PulseLogHandler.git",
      "state" : {
        "revision" : "3ca42eada318ad8ed9c3246f5e32c19413dae3ce",
        "version" : "3.2.0"
      }
    },
    {
      "identity" : "sdwebimage",
      "kind" : "remoteSourceControl",
      "location" : "https://github.com/SDWebImage/SDWebImage.git",
      "state" : {
        "revision" : "2053b120767c42a70bcba21095f34e4cfb54a75d",
        "version" : "5.21.3"
      }
    },
    {
      "identity" : "swift-log",
      "kind" : "remoteSourceControl",
      "location" : "https://github.com/apple/swift-log.git",
      "state" : {
        "revision" : "ce592ae52f982c847a4efc0dd881cc9eb32d29f2",
        "version" : "1.6.4"
      }
    },
    {
      "identity" : "swrve-ios-sdk",
      "kind" : "remoteSourceControl",
      "location" : "https://github.com/Swrve/swrve-ios-sdk",
      "state" : {
        "revision" : "d4337feb67a6661273cdb81861c97b6bc361d120",
        "version" : "8.13.1"
      }
    }
  ],
  "version" : 3
}
